
Microsoft Visual Studio Solution File, Format Version 12.00
# Visual Studio Version 17
VisualStudioVersion = 17.2.32505.173
MinimumVisualStudioVersion = 10.0.40219.1
Project("{FAE04EC0-301F-11D3-BF4B-00C04F79EFBC}") = "Directory.Entity", "Directory.Entity\Directory.Entity.csproj", "{40AF64D1-B497-4AD1-AF34-BDE3E3D7BEEF}"
EndProject
Project("{FAE04EC0-301F-11D3-BF4B-00C04F79EFBC}") = "Directory.DataAccess", "Directory.DataAccess\Directory.DataAccess.csproj", "{14023011-BD97-4534-8908-61ACDE40143A}"
EndProject
Project("{FAE04EC0-301F-11D3-BF4B-00C04F79EFBC}") = "Directory.Business", "Directory.Business\Directory.Business.csproj", "{230EF1B0-B457-4E31-A41A-9255D42AF23B}"
EndProject
Project("{FAE04EC0-301F-11D3-BF4B-00C04F79EFBC}") = "Directory.API", "Directory.API\Directory.API.csproj", "{3D76D7AF-D1B0-443B-B6D1-9C8EAB51D459}"
EndProject
Project("{FAE04EC0-301F-11D3-BF4B-00C04F79EFBC}") = "Directory.Core", "Directory.Core\Directory.Core.csproj", "{91462CC0-2E9B-48EA-8623-01975668BB51}"
EndProject
Global
	GlobalSection(SolutionConfigurationPlatforms) = preSolution
		Debug|Any CPU = Debug|Any CPU
		Release|Any CPU = Release|Any CPU
	EndGlobalSection
	GlobalSection(ProjectConfigurationPlatforms) = postSolution
		{40AF64D1-B497-4AD1-AF34-BDE3E3D7BEEF}.Debug|Any CPU.ActiveCfg = Debug|Any CPU
		{40AF64D1-B497-4AD1-AF34-BDE3E3D7BEEF}.Debug|Any CPU.Build.0 = Debug|Any CPU
		{40AF64D1-B497-4AD1-AF34-BDE3E3D7BEEF}.Release|Any CPU.ActiveCfg = Release|Any CPU
		{40AF64D1-B497-4AD1-AF34-BDE3E3D7BEEF}.Release|Any CPU.Build.0 = Release|Any CPU
		{14023011-BD97-4534-8908-61ACDE40143A}.Debug|Any CPU.ActiveCfg = Debug|Any CPU
		{14023011-BD97-4534-8908-61ACDE40143A}.Debug|Any CPU.Build.0 = Debug|Any CPU
		{14023011-BD97-4534-8908-61ACDE40143A}.Release|Any CPU.ActiveCfg = Release|Any CPU
		{14023011-BD97-4534-8908-61ACDE40143A}.Release|Any CPU.Build.0 = Release|Any CPU
		{230EF1B0-B457-4E31-A41A-9255D42AF23B}.Debug|Any CPU.ActiveCfg = Debug|Any CPU
		{230EF1B0-B457-4E31-A41A-9255D42AF23B}.Debug|Any CPU.Build.0 = Debug|Any CPU
		{230EF1B0-B457-4E31-A41A-9255D42AF23B}.Release|Any CPU.ActiveCfg = Release|Any CPU
		{230EF1B0-B457-4E31-A41A-9255D42AF23B}.Release|Any CPU.Build.0 = Release|Any CPU
		{3D76D7AF-D1B0-443B-B6D1-9C8EAB51D459}.Debug|Any CPU.ActiveCfg = Debug|Any CPU
		{3D76D7AF-D1B0-443B-B6D1-9C8EAB51D459}.Debug|Any CPU.Build.0 = Debug|Any CPU
		{3D76D7AF-D1B0-443B-B6D1-9C8EAB51D459}.Release|Any CPU.ActiveCfg = Release|Any CPU
		{3D76D7AF-D1B0-443B-B6D1-9C8EAB51D459}.Release|Any CPU.Build.0 = Release|Any CPU
		{91462CC0-2E9B-48EA-8623-01975668BB51}.Debug|Any CPU.ActiveCfg = Debug|Any CPU
		{91462CC0-2E9B-48EA-8623-01975668BB51}.Debug|Any CPU.Build.0 = Debug|Any CPU
		{91462CC0-2E9B-48EA-8623-01975668BB51}.Release|Any CPU.ActiveCfg = Release|Any CPU
		{91462CC0-2E9B-48EA-8623-01975668BB51}.Release|Any CPU.Build.0 = Release|Any CPU
	EndGlobalSection
	GlobalSection(SolutionProperties) = preSolution
		HideSolutionNode = FALSE
	EndGlobalSection
	GlobalSection(ExtensibilityGlobals) = postSolution
		SolutionGuid = {0EDDDE1C-F891-4B38-B4BC-38AADFE8A990}
	EndGlobalSection
EndGlobal
